
Microsoft Visual Studio Solution File, Format Version 12.00
# Visual Studio Version 16
VisualStudioVersion = 16.0.31624.102
MinimumVisualStudioVersion = 10.0.40219.1
Project("{FAE04EC0-301F-11D3-BF4B-00C04F79EFBC}") = "WindowsFormsExcavator", "WindowsFormsExcavator.csproj", "{4118BE22-7925-4280-9F32-542974482302}"
EndProject
Global
	GlobalSection(SolutionConfigurationPlatforms) = preSolution
		Debug|Any CPU = Debug|Any CPU
		Release|Any CPU = Release|Any CPU
	EndGlobalSection
	GlobalSection(ProjectConfigurationPlatforms) = postSolution
		{4118BE22-7925-4280-9F32-542974482302}.Debug|Any CPU.ActiveCfg = Debug|Any CPU
		{4118BE22-7925-4280-9F32-542974482302}.Debug|Any CPU.Build.0 = Debug|Any CPU
		{4118BE22-7925-4280-9F32-542974482302}.Release|Any CPU.ActiveCfg = Release|Any CPU
		{4118BE22-7925-4280-9F32-542974482302}.Release|Any CPU.Build.0 = Release|Any CPU
	EndGlobalSection
	GlobalSection(SolutionProperties) = preSolution
		HideSolutionNode = FALSE
	EndGlobalSection
	GlobalSection(ExtensibilityGlobals) = postSolution
		SolutionGuid = {41C9DAB6-AD0A-439B-BE22-46EDC3DD63CC}
	EndGlobalSection
EndGlobal
